
Microsoft Visual Studio Solution File, Format Version 12.00
# Visual Studio Version 17
VisualStudioVersion = 17.4.33213.308
MinimumVisualStudioVersion = 10.0.40219.1
Project("{2150E333-8FDC-42A3-9474-1A3956D46DE8}") = "src", "src", "{B116130D-2BBF-40A7-A077-F7E52BAA139B}"
EndProject
Project("{2150E333-8FDC-42A3-9474-1A3956D46DE8}") = "test", "test", "{5CE50228-73AC-4A3A-A915-79B37E5F6F9F}"
EndProject
Project("{2150E333-8FDC-42A3-9474-1A3956D46DE8}") = "API", "API", "{7145127C-C898-42CF-BD00-3F0087965E9E}"
EndProject
Project("{2150E333-8FDC-42A3-9474-1A3956D46DE8}") = "Domain", "Domain", "{FAB11891-D25C-4F8A-8C80-915E30DC3216}"
EndProject
Project("{2150E333-8FDC-42A3-9474-1A3956D46DE8}") = "Infraestructure", "Infraestructure", "{7045B56B-AFB2-4D78-A539-FDFA8A878FF6}"
EndProject
Project("{2150E333-8FDC-42A3-9474-1A3956D46DE8}") = "testMicroServicesOne", "testMicroServicesOne", "{F358E09A-00A7-4208-A2A8-EC3E64E43561}"
EndProject
Project("{2150E333-8FDC-42A3-9474-1A3956D46DE8}") = "testMicroServicesTwo", "testMicroServicesTwo", "{FE635AAA-8589-4B3E-B183-5DD27A318B0B}"
EndProject
Project("{2150E333-8FDC-42A3-9474-1A3956D46DE8}") = "MicroServiceOne", "MicroServiceOne", "{C3C1290F-34AE-49C5-87D0-039BCEF912E6}"
EndProject
Project("{2150E333-8FDC-42A3-9474-1A3956D46DE8}") = "MicroServiceTwo", "MicroServiceTwo", "{C773D08D-B32C-4CDE-BC40-373B4D73889B}"
EndProject
Project("{2150E333-8FDC-42A3-9474-1A3956D46DE8}") = "API", "API", "{F76F4322-1B80-4CF0-A1E6-1BCAD35622EA}"
EndProject
Project("{2150E333-8FDC-42A3-9474-1A3956D46DE8}") = "Domain", "Domain", "{3109B6D0-743A-402A-84BD-1A32A113C475}"
EndProject
Project("{2150E333-8FDC-42A3-9474-1A3956D46DE8}") = "Infraestructure", "Infraestructure", "{9537FB02-2368-4782-A23B-95104AA36E65}"
EndProject
Project("{9A19103F-16F7-4668-BE54-9A1E7A4F7556}") = "EstacolNewsWithMongo", "EstacolNewsWithMongo\EstacolNewsWithMongo.csproj", "{C49CB296-68A5-4F4F-A262-E3053B4505B1}"
EndProject
Project("{9A19103F-16F7-4668-BE54-9A1E7A4F7556}") = "EstacolNews.Domain.NoSql", "EstacolNews.Domain\EstacolNews.Domain.NoSql.csproj", "{51FD751F-79DC-4759-84A5-2BF4DE79C63B}"
EndProject
Project("{9A19103F-16F7-4668-BE54-9A1E7A4F7556}") = "EstacolNews.UseCases.NoSql", "EstacolNews.UseCases\EstacolNews.UseCases.NoSql.csproj", "{6BF46FCC-9015-44BE-9E33-C1DC56FA9587}"
EndProject
Project("{9A19103F-16F7-4668-BE54-9A1E7A4F7556}") = "EstacolNewsMongoTest", "EstacolNewsMongoTest\EstacolNewsMongoTest.csproj", "{CBBDC722-6532-44EC-AFE1-F54CDFAD7573}"
EndProject
Project("{9A19103F-16F7-4668-BE54-9A1E7A4F7556}") = "EstacolNewsSqlServer", "EstacolNewsSqlServer\EstacolNewsSqlServer.csproj", "{ACF1EF89-C3E0-4502-93E7-BAFD4BF91428}"
EndProject
Project("{9A19103F-16F7-4668-BE54-9A1E7A4F7556}") = "EstacolNews.Domain.Sql", "EstacolNews.Domain.Sql\EstacolNews.Domain.Sql.csproj", "{55513056-019D-44D1-B4E0-4CEFDE5D7875}"
EndProject
Project("{9A19103F-16F7-4668-BE54-9A1E7A4F7556}") = "EstacolNews.UseCases.Sql", "EstacolNews.UseCase.Sql\EstacolNews.UseCases.Sql.csproj", "{2D4AD60C-69BC-4722-9A42-EE62B8456BCC}"
EndProject
Project("{9A19103F-16F7-4668-BE54-9A1E7A4F7556}") = "DriverAdapterMongo", "DriverAdapterMongo\DriverAdapterMongo.csproj", "{48CFC8B5-6B9E-40F5-8843-630B3989067F}"
EndProject
Project("{FAE04EC0-301F-11D3-BF4B-00C04F79EFBC}") = "DriverAdapterSQL", "DriverAdapterSQL\DriverAdapterSQL.csproj", "{5FF68BFC-7DE3-4E30-8277-49D9242B9371}"
EndProject
Global
	GlobalSection(SolutionConfigurationPlatforms) = preSolution
		Debug|Any CPU = Debug|Any CPU
		Release|Any CPU = Release|Any CPU
	EndGlobalSection
	GlobalSection(ProjectConfigurationPlatforms) = postSolution
		{C49CB296-68A5-4F4F-A262-E3053B4505B1}.Debug|Any CPU.ActiveCfg = Debug|Any CPU
		{C49CB296-68A5-4F4F-A262-E3053B4505B1}.Debug|Any CPU.Build.0 = Debug|Any CPU
		{C49CB296-68A5-4F4F-A262-E3053B4505B1}.Release|Any CPU.ActiveCfg = Release|Any CPU
		{C49CB296-68A5-4F4F-A262-E3053B4505B1}.Release|Any CPU.Build.0 = Release|Any CPU
		{51FD751F-79DC-4759-84A5-2BF4DE79C63B}.Debug|Any CPU.ActiveCfg = Debug|Any CPU
		{51FD751F-79DC-4759-84A5-2BF4DE79C63B}.Debug|Any CPU.Build.0 = Debug|Any CPU
		{51FD751F-79DC-4759-84A5-2BF4DE79C63B}.Release|Any CPU.ActiveCfg = Release|Any CPU
		{51FD751F-79DC-4759-84A5-2BF4DE79C63B}.Release|Any CPU.Build.0 = Release|Any CPU
		{6BF46FCC-9015-44BE-9E33-C1DC56FA9587}.Debug|Any CPU.ActiveCfg = Debug|Any CPU
		{6BF46FCC-9015-44BE-9E33-C1DC56FA9587}.Debug|Any CPU.Build.0 = Debug|Any CPU
		{6BF46FCC-9015-44BE-9E33-C1DC56FA9587}.Release|Any CPU.ActiveCfg = Release|Any CPU
		{6BF46FCC-9015-44BE-9E33-C1DC56FA9587}.Release|Any CPU.Build.0 = Release|Any CPU
		{CBBDC722-6532-44EC-AFE1-F54CDFAD7573}.Debug|Any CPU.ActiveCfg = Debug|Any CPU
		{CBBDC722-6532-44EC-AFE1-F54CDFAD7573}.Debug|Any CPU.Build.0 = Debug|Any CPU
		{CBBDC722-6532-44EC-AFE1-F54CDFAD7573}.Release|Any CPU.ActiveCfg = Release|Any CPU
		{CBBDC722-6532-44EC-AFE1-F54CDFAD7573}.Release|Any CPU.Build.0 = Release|Any CPU
		{ACF1EF89-C3E0-4502-93E7-BAFD4BF91428}.Debug|Any CPU.ActiveCfg = Debug|Any CPU
		{ACF1EF89-C3E0-4502-93E7-BAFD4BF91428}.Debug|Any CPU.Build.0 = Debug|Any CPU
		{ACF1EF89-C3E0-4502-93E7-BAFD4BF91428}.Release|Any CPU.ActiveCfg = Release|Any CPU
		{ACF1EF89-C3E0-4502-93E7-BAFD4BF91428}.Release|Any CPU.Build.0 = Release|Any CPU
		{55513056-019D-44D1-B4E0-4CEFDE5D7875}.Debug|Any CPU.ActiveCfg = Debug|Any CPU
		{55513056-019D-44D1-B4E0-4CEFDE5D7875}.Debug|Any CPU.Build.0 = Debug|Any CPU
		{55513056-019D-44D1-B4E0-4CEFDE5D7875}.Release|Any CPU.ActiveCfg = Release|Any CPU
		{55513056-019D-44D1-B4E0-4CEFDE5D7875}.Release|Any CPU.Build.0 = Release|Any CPU
		{2D4AD60C-69BC-4722-9A42-EE62B8456BCC}.Debug|Any CPU.ActiveCfg = Debug|Any CPU
		{2D4AD60C-69BC-4722-9A42-EE62B8456BCC}.Debug|Any CPU.Build.0 = Debug|Any CPU
		{2D4AD60C-69BC-4722-9A42-EE62B8456BCC}.Release|Any CPU.ActiveCfg = Release|Any CPU
		{2D4AD60C-69BC-4722-9A42-EE62B8456BCC}.Release|Any CPU.Build.0 = Release|Any CPU
		{48CFC8B5-6B9E-40F5-8843-630B3989067F}.Debug|Any CPU.ActiveCfg = Debug|Any CPU
		{48CFC8B5-6B9E-40F5-8843-630B3989067F}.Debug|Any CPU.Build.0 = Debug|Any CPU
		{48CFC8B5-6B9E-40F5-8843-630B3989067F}.Release|Any CPU.ActiveCfg = Release|Any CPU
		{48CFC8B5-6B9E-40F5-8843-630B3989067F}.Release|Any CPU.Build.0 = Release|Any CPU
		{5FF68BFC-7DE3-4E30-8277-49D9242B9371}.Debug|Any CPU.ActiveCfg = Debug|Any CPU
		{5FF68BFC-7DE3-4E30-8277-49D9242B9371}.Debug|Any CPU.Build.0 = Debug|Any CPU
		{5FF68BFC-7DE3-4E30-8277-49D9242B9371}.Release|Any CPU.ActiveCfg = Release|Any CPU
		{5FF68BFC-7DE3-4E30-8277-49D9242B9371}.Release|Any CPU.Build.0 = Release|Any CPU
	EndGlobalSection
	GlobalSection(SolutionProperties) = preSolution
		HideSolutionNode = FALSE
	EndGlobalSection
	GlobalSection(NestedProjects) = preSolution
		{7145127C-C898-42CF-BD00-3F0087965E9E} = {C3C1290F-34AE-49C5-87D0-039BCEF912E6}
		{FAB11891-D25C-4F8A-8C80-915E30DC3216} = {C3C1290F-34AE-49C5-87D0-039BCEF912E6}
		{7045B56B-AFB2-4D78-A539-FDFA8A878FF6} = {C3C1290F-34AE-49C5-87D0-039BCEF912E6}
		{F358E09A-00A7-4208-A2A8-EC3E64E43561} = {5CE50228-73AC-4A3A-A915-79B37E5F6F9F}
		{FE635AAA-8589-4B3E-B183-5DD27A318B0B} = {5CE50228-73AC-4A3A-A915-79B37E5F6F9F}
		{C3C1290F-34AE-49C5-87D0-039BCEF912E6} = {B116130D-2BBF-40A7-A077-F7E52BAA139B}
		{C773D08D-B32C-4CDE-BC40-373B4D73889B} = {B116130D-2BBF-40A7-A077-F7E52BAA139B}
		{F76F4322-1B80-4CF0-A1E6-1BCAD35622EA} = {C773D08D-B32C-4CDE-BC40-373B4D73889B}
		{3109B6D0-743A-402A-84BD-1A32A113C475} = {C773D08D-B32C-4CDE-BC40-373B4D73889B}
		{9537FB02-2368-4782-A23B-95104AA36E65} = {C773D08D-B32C-4CDE-BC40-373B4D73889B}
		{C49CB296-68A5-4F4F-A262-E3053B4505B1} = {7145127C-C898-42CF-BD00-3F0087965E9E}
		{51FD751F-79DC-4759-84A5-2BF4DE79C63B} = {FAB11891-D25C-4F8A-8C80-915E30DC3216}
		{6BF46FCC-9015-44BE-9E33-C1DC56FA9587} = {FAB11891-D25C-4F8A-8C80-915E30DC3216}
		{CBBDC722-6532-44EC-AFE1-F54CDFAD7573} = {F358E09A-00A7-4208-A2A8-EC3E64E43561}
		{ACF1EF89-C3E0-4502-93E7-BAFD4BF91428} = {F76F4322-1B80-4CF0-A1E6-1BCAD35622EA}
		{55513056-019D-44D1-B4E0-4CEFDE5D7875} = {3109B6D0-743A-402A-84BD-1A32A113C475}
		{2D4AD60C-69BC-4722-9A42-EE62B8456BCC} = {3109B6D0-743A-402A-84BD-1A32A113C475}
		{48CFC8B5-6B9E-40F5-8843-630B3989067F} = {7045B56B-AFB2-4D78-A539-FDFA8A878FF6}
		{5FF68BFC-7DE3-4E30-8277-49D9242B9371} = {9537FB02-2368-4782-A23B-95104AA36E65}
	EndGlobalSection
	GlobalSection(ExtensibilityGlobals) = postSolution
		SolutionGuid = {C86B2C4D-ADA3-4FD7-9DBE-01D928D2AB5B}
	EndGlobalSection
EndGlobal
